// !$*UTF8*$!
{
	archiveVersion = 1;
	classes = {
	};
	objectVersion = 52;
	objects = {

/* Begin PBXBuildFile section */
		E91EAA1325446F7800694455 /* ArticlesViewModel.swift in Sources */ = {isa = PBXBuildFile; fileRef = E91EAA1225446F7800694455 /* ArticlesViewModel.swift */; };
		E91EAA19254486AD00694455 /* BackButtonView.swift in Sources */ = {isa = PBXBuildFile; fileRef = E91EAA18254486AD00694455 /* BackButtonView.swift */; };
		E91EAA1D25448DA000694455 /* FavoriteArticlesViewModel.swift in Sources */ = {isa = PBXBuildFile; fileRef = E91EAA1C25448DA000694455 /* FavoriteArticlesViewModel.swift */; };
		E91EAA232544928800694455 /* RegisterView.swift in Sources */ = {isa = PBXBuildFile; fileRef = E91EAA222544928800694455 /* RegisterView.swift */; };
		E91EAA262544964800694455 /* RegisterRequest.swift in Sources */ = {isa = PBXBuildFile; fileRef = E91EAA252544964800694455 /* RegisterRequest.swift */; };
		E91EAA2A2544CBDE00694455 /* ProfileView.swift in Sources */ = {isa = PBXBuildFile; fileRef = E91EAA292544CBDE00694455 /* ProfileView.swift */; };
		E91EAA312544D5F000694455 /* Localizable.strings in Resources */ = {isa = PBXBuildFile; fileRef = E91EAA332544D5F000694455 /* Localizable.strings */; };
		E91EAA392544E52D00694455 /* UserSettings.swift in Sources */ = {isa = PBXBuildFile; fileRef = E91EAA382544E52D00694455 /* UserSettings.swift */; };
		E95B7F8D25422C9100BF2355 /* HomepageView.swift in Sources */ = {isa = PBXBuildFile; fileRef = E95B7F8C25422C9100BF2355 /* HomepageView.swift */; };
		E95B7F9025422DA800BF2355 /* FavoritesView.swift in Sources */ = {isa = PBXBuildFile; fileRef = E95B7F8F25422DA800BF2355 /* FavoritesView.swift */; };
		E97D7FCC2534BD5A002E6E4A /* LoginRequest.swift in Sources */ = {isa = PBXBuildFile; fileRef = E97D7FCB2534BD5A002E6E4A /* LoginRequest.swift */; };
		E97D7FD32534E52B002E6E4A /* GetArticlesListResponse.swift in Sources */ = {isa = PBXBuildFile; fileRef = E97D7FD22534E52B002E6E4A /* GetArticlesListResponse.swift */; };
		E97D7FD72534E5F6002E6E4A /* Article.swift in Sources */ = {isa = PBXBuildFile; fileRef = E97D7FD62534E5F6002E6E4A /* Article.swift */; };
		E97D7FDA2534E8C8002E6E4A /* Feed.swift in Sources */ = {isa = PBXBuildFile; fileRef = E97D7FD92534E8C8002E6E4A /* Feed.swift */; };
		E97D7FDD2534E8D3002E6E4A /* Category.swift in Sources */ = {isa = PBXBuildFile; fileRef = E97D7FDC2534E8D3002E6E4A /* Category.swift */; };
		E97D7FE02534EE36002E6E4A /* RequestError.swift in Sources */ = {isa = PBXBuildFile; fileRef = E97D7FDF2534EE36002E6E4A /* RequestError.swift */; };
		E97D7FE3253504A3002E6E4A /* RegisterResponse.swift in Sources */ = {isa = PBXBuildFile; fileRef = E97D7FE2253504A3002E6E4A /* RegisterResponse.swift */; };
		E97D7FE6253504F2002E6E4A /* LoginResponse.swift in Sources */ = {isa = PBXBuildFile; fileRef = E97D7FE5253504F2002E6E4A /* LoginResponse.swift */; };
		E97D7FE925350547002E6E4A /* GetFeedsResponse.swift in Sources */ = {isa = PBXBuildFile; fileRef = E97D7FE825350547002E6E4A /* GetFeedsResponse.swift */; };
		E981CAA02539EFDC004607C6 /* ArticleDetailsView.swift in Sources */ = {isa = PBXBuildFile; fileRef = E981CA9F2539EFDC004607C6 /* ArticleDetailsView.swift */; };
		E98551962533718F00059CD4 /* Newsreader610463App.swift in Sources */ = {isa = PBXBuildFile; fileRef = E98551952533718F00059CD4 /* Newsreader610463App.swift */; };
		E98551982533718F00059CD4 /* ContentView.swift in Sources */ = {isa = PBXBuildFile; fileRef = E98551972533718F00059CD4 /* ContentView.swift */; };
		E985519A2533719200059CD4 /* Assets.xcassets in Resources */ = {isa = PBXBuildFile; fileRef = E98551992533719200059CD4 /* Assets.xcassets */; };
		E985519D2533719200059CD4 /* Preview Assets.xcassets in Resources */ = {isa = PBXBuildFile; fileRef = E985519C2533719200059CD4 /* Preview Assets.xcassets */; };
		E98551A6253379E800059CD4 /* NewsReaderAPI.swift in Sources */ = {isa = PBXBuildFile; fileRef = E98551A5253379E800059CD4 /* NewsReaderAPI.swift */; };
		E98551AB25337B0600059CD4 /* KeychainAccess in Frameworks */ = {isa = PBXBuildFile; productRef = E98551AA25337B0600059CD4 /* KeychainAccess */; };
		E9C74E2D253B3FDF0003E088 /* ArticleDetails.swift in Sources */ = {isa = PBXBuildFile; fileRef = E9C74E2C253B3FDF0003E088 /* ArticleDetails.swift */; };
		E9C74E30253B41640003E088 /* GetArticleDetailsResponse.swift in Sources */ = {isa = PBXBuildFile; fileRef = E9C74E2F253B41640003E088 /* GetArticleDetailsResponse.swift */; };
		E9C74E36253B5B630003E088 /* AritcleRowView.swift in Sources */ = {isa = PBXBuildFile; fileRef = E9C74E35253B5B630003E088 /* AritcleRowView.swift */; };
		E9C74E48253E15350003E088 /* UrlImage.swift in Sources */ = {isa = PBXBuildFile; fileRef = E9C74E47253E15350003E088 /* UrlImage.swift */; };
		E9C74E4D253E15B60003E088 /* ImageCache.swift in Sources */ = {isa = PBXBuildFile; fileRef = E9C74E4C253E15B60003E088 /* ImageCache.swift */; };
		E9C74E51253E161D0003E088 /* UrlImageView.swift in Sources */ = {isa = PBXBuildFile; fileRef = E9C74E50253E161D0003E088 /* UrlImageView.swift */; };
		E9C74E55253E1A510003E088 /* defaultNewsIcon.png in Resources */ = {isa = PBXBuildFile; fileRef = E9C74E54253E1A510003E088 /* defaultNewsIcon.png */; };
		E9C74E5A253E1EAE0003E088 /* ArticlesListView.swift in Sources */ = {isa = PBXBuildFile; fileRef = E9C74E59253E1EAE0003E088 /* ArticlesListView.swift */; };
		E9C74E5F253E25300003E088 /* Endpoints.swift in Sources */ = {isa = PBXBuildFile; fileRef = E9C74E5E253E25300003E088 /* Endpoints.swift */; };
		E9C74E62253E38E90003E088 /* LoginView.swift in Sources */ = {isa = PBXBuildFile; fileRef = E9C74E61253E38E90003E088 /* LoginView.swift */; };
		E9D75D9025433453004D8159 /* LikeArticleResponse.swift in Sources */ = {isa = PBXBuildFile; fileRef = E9D75D8F25433453004D8159 /* LikeArticleResponse.swift */; };
/* End PBXBuildFile section */

/* Begin PBXFileReference section */
		E91EAA1225446F7800694455 /* ArticlesViewModel.swift */ = {isa = PBXFileReference; lastKnownFileType = sourcecode.swift; path = ArticlesViewModel.swift; sourceTree = "<group>"; };
		E91EAA18254486AD00694455 /* BackButtonView.swift */ = {isa = PBXFileReference; lastKnownFileType = sourcecode.swift; path = BackButtonView.swift; sourceTree = "<group>"; };
		E91EAA1C25448DA000694455 /* FavoriteArticlesViewModel.swift */ = {isa = PBXFileReference; lastKnownFileType = sourcecode.swift; path = FavoriteArticlesViewModel.swift; sourceTree = "<group>"; };
		E91EAA222544928800694455 /* RegisterView.swift */ = {isa = PBXFileReference; lastKnownFileType = sourcecode.swift; path = RegisterView.swift; sourceTree = "<group>"; };
		E91EAA252544964800694455 /* RegisterRequest.swift */ = {isa = PBXFileReference; lastKnownFileType = sourcecode.swift; path = RegisterRequest.swift; sourceTree = "<group>"; };
		E91EAA292544CBDE00694455 /* ProfileView.swift */ = {isa = PBXFileReference; lastKnownFileType = sourcecode.swift; path = ProfileView.swift; sourceTree = "<group>"; };
		E91EAA322544D5F000694455 /* en */ = {isa = PBXFileReference; lastKnownFileType = text.plist.strings; name = en; path = en.lproj/Localizable.strings; sourceTree = "<group>"; };
		E91EAA352544D5F500694455 /* es-419 */ = {isa = PBXFileReference; lastKnownFileType = text.plist.strings; name = "es-419"; path = "es-419.lproj/Localizable.strings"; sourceTree = "<group>"; };
		E91EAA382544E52D00694455 /* UserSettings.swift */ = {isa = PBXFileReference; lastKnownFileType = sourcecode.swift; path = UserSettings.swift; sourceTree = "<group>"; };
		E95B7F8C25422C9100BF2355 /* HomepageView.swift */ = {isa = PBXFileReference; lastKnownFileType = sourcecode.swift; path = HomepageView.swift; sourceTree = "<group>"; };
		E95B7F8F25422DA800BF2355 /* FavoritesView.swift */ = {isa = PBXFileReference; lastKnownFileType = sourcecode.swift; path = FavoritesView.swift; sourceTree = "<group>"; };
		E97D7FCB2534BD5A002E6E4A /* LoginRequest.swift */ = {isa = PBXFileReference; lastKnownFileType = sourcecode.swift; path = LoginRequest.swift; sourceTree = "<group>"; };
		E97D7FD22534E52B002E6E4A /* GetArticlesListResponse.swift */ = {isa = PBXFileReference; lastKnownFileType = sourcecode.swift; path = GetArticlesListResponse.swift; sourceTree = "<group>"; };
		E97D7FD62534E5F6002E6E4A /* Article.swift */ = {isa = PBXFileReference; lastKnownFileType = sourcecode.swift; path = Article.swift; sourceTree = "<group>"; };
		E97D7FD92534E8C8002E6E4A /* Feed.swift */ = {isa = PBXFileReference; lastKnownFileType = sourcecode.swift; path = Feed.swift; sourceTree = "<group>"; };
		E97D7FDC2534E8D3002E6E4A /* Category.swift */ = {isa = PBXFileReference; lastKnownFileType = sourcecode.swift; path = Category.swift; sourceTree = "<group>"; };
		E97D7FDF2534EE36002E6E4A /* RequestError.swift */ = {isa = PBXFileReference; lastKnownFileType = sourcecode.swift; path = RequestError.swift; sourceTree = "<group>"; };
		E97D7FE2253504A3002E6E4A /* RegisterResponse.swift */ = {isa = PBXFileReference; lastKnownFileType = sourcecode.swift; path = RegisterResponse.swift; sourceTree = "<group>"; };
		E97D7FE5253504F2002E6E4A /* LoginResponse.swift */ = {isa = PBXFileReference; lastKnownFileType = sourcecode.swift; path = LoginResponse.swift; sourceTree = "<group>"; };
		E97D7FE825350547002E6E4A /* GetFeedsResponse.swift */ = {isa = PBXFileReference; lastKnownFileType = sourcecode.swift; path = GetFeedsResponse.swift; sourceTree = "<group>"; };
		E981CA9F2539EFDC004607C6 /* ArticleDetailsView.swift */ = {isa = PBXFileReference; lastKnownFileType = sourcecode.swift; path = ArticleDetailsView.swift; sourceTree = "<group>"; };
		E98551922533718F00059CD4 /* 610463.app */ = {isa = PBXFileReference; explicitFileType = wrapper.application; includeInIndex = 0; path = 610463.app; sourceTree = BUILT_PRODUCTS_DIR; };
		E98551952533718F00059CD4 /* Newsreader610463App.swift */ = {isa = PBXFileReference; lastKnownFileType = sourcecode.swift; path = Newsreader610463App.swift; sourceTree = "<group>"; };
		E98551972533718F00059CD4 /* ContentView.swift */ = {isa = PBXFileReference; lastKnownFileType = sourcecode.swift; path = ContentView.swift; sourceTree = "<group>"; };
		E98551992533719200059CD4 /* Assets.xcassets */ = {isa = PBXFileReference; lastKnownFileType = folder.assetcatalog; path = Assets.xcassets; sourceTree = "<group>"; };
		E985519C2533719200059CD4 /* Preview Assets.xcassets */ = {isa = PBXFileReference; lastKnownFileType = folder.assetcatalog; path = "Preview Assets.xcassets"; sourceTree = "<group>"; };
		E985519E2533719200059CD4 /* Info.plist */ = {isa = PBXFileReference; lastKnownFileType = text.plist.xml; path = Info.plist; sourceTree = "<group>"; };
		E98551A5253379E800059CD4 /* NewsReaderAPI.swift */ = {isa = PBXFileReference; lastKnownFileType = sourcecode.swift; path = NewsReaderAPI.swift; sourceTree = "<group>"; };
		E9C74E2C253B3FDF0003E088 /* ArticleDetails.swift */ = {isa = PBXFileReference; lastKnownFileType = sourcecode.swift; path = ArticleDetails.swift; sourceTree = "<group>"; };
		E9C74E2F253B41640003E088 /* GetArticleDetailsResponse.swift */ = {isa = PBXFileReference; lastKnownFileType = sourcecode.swift; path = GetArticleDetailsResponse.swift; sourceTree = "<group>"; };
		E9C74E35253B5B630003E088 /* AritcleRowView.swift */ = {isa = PBXFileReference; lastKnownFileType = sourcecode.swift; path = AritcleRowView.swift; sourceTree = "<group>"; };
		E9C74E47253E15350003E088 /* UrlImage.swift */ = {isa = PBXFileReference; lastKnownFileType = sourcecode.swift; path = UrlImage.swift; sourceTree = "<group>"; };
		E9C74E4C253E15B60003E088 /* ImageCache.swift */ = {isa = PBXFileReference; lastKnownFileType = sourcecode.swift; path = ImageCache.swift; sourceTree = "<group>"; };
		E9C74E50253E161D0003E088 /* UrlImageView.swift */ = {isa = PBXFileReference; lastKnownFileType = sourcecode.swift; path = UrlImageView.swift; sourceTree = "<group>"; };
		E9C74E54253E1A510003E088 /* defaultNewsIcon.png */ = {isa = PBXFileReference; lastKnownFileType = image.png; path = defaultNewsIcon.png; sourceTree = "<group>"; };
		E9C74E59253E1EAE0003E088 /* ArticlesListView.swift */ = {isa = PBXFileReference; lastKnownFileType = sourcecode.swift; path = ArticlesListView.swift; sourceTree = "<group>"; };
		E9C74E5E253E25300003E088 /* Endpoints.swift */ = {isa = PBXFileReference; lastKnownFileType = sourcecode.swift; path = Endpoints.swift; sourceTree = "<group>"; };
		E9C74E61253E38E90003E088 /* LoginView.swift */ = {isa = PBXFileReference; lastKnownFileType = sourcecode.swift; path = LoginView.swift; sourceTree = "<group>"; };
		E9D75D8F25433453004D8159 /* LikeArticleResponse.swift */ = {isa = PBXFileReference; lastKnownFileType = sourcecode.swift; path = LikeArticleResponse.swift; sourceTree = "<group>"; };
/* End PBXFileReference section */

/* Begin PBXFrameworksBuildPhase section */
		E985518F2533718E00059CD4 /* Frameworks */ = {
			isa = PBXFrameworksBuildPhase;
			buildActionMask = 2147483647;
			files = (
				E98551AB25337B0600059CD4 /* KeychainAccess in Frameworks */,
			);
			runOnlyForDeploymentPostprocessing = 0;
		};
/* End PBXFrameworksBuildPhase section */

/* Begin PBXGroup section */
		E91EAA1F25448F8A00694455 /* ViewModel */ = {
			isa = PBXGroup;
			children = (
				E91EAA1225446F7800694455 /* ArticlesViewModel.swift */,
				E91EAA1C25448DA000694455 /* FavoriteArticlesViewModel.swift */,
				E91EAA382544E52D00694455 /* UserSettings.swift */,
			);
			path = ViewModel;
			sourceTree = "<group>";
		};
		E91EAA2025448FAD00694455 /* UIElements */ = {
			isa = PBXGroup;
			children = (
				E9C74E50253E161D0003E088 /* UrlImageView.swift */,
				E91EAA18254486AD00694455 /* BackButtonView.swift */,
			);
			path = UIElements;
			sourceTree = "<group>";
		};
		E91EAA2C2544D59400694455 /* Localization */ = {
			isa = PBXGroup;
			children = (
				E91EAA332544D5F000694455 /* Localizable.strings */,
			);
			path = Localization;
			sourceTree = "<group>";
		};
		E97D7FC72534BC6C002E6E4A /* Requests */ = {
			isa = PBXGroup;
			children = (
				E97D7FCB2534BD5A002E6E4A /* LoginRequest.swift */,
				E91EAA252544964800694455 /* RegisterRequest.swift */,
				E97D7FDF2534EE36002E6E4A /* RequestError.swift */,
			);
			path = Requests;
			sourceTree = "<group>";
		};
		E97D7FC82534BC8E002E6E4A /* Responses */ = {
			isa = PBXGroup;
			children = (
				E97D7FD22534E52B002E6E4A /* GetArticlesListResponse.swift */,
				E9C74E2F253B41640003E088 /* GetArticleDetailsResponse.swift */,
				E97D7FE2253504A3002E6E4A /* RegisterResponse.swift */,
				E97D7FE5253504F2002E6E4A /* LoginResponse.swift */,
				E97D7FE825350547002E6E4A /* GetFeedsResponse.swift */,
				E9D75D8F25433453004D8159 /* LikeArticleResponse.swift */,
			);
			path = Responses;
			sourceTree = "<group>";
		};
		E97D7FD12534BDA4002E6E4A /* Model */ = {
			isa = PBXGroup;
			children = (
				E97D7FD62534E5F6002E6E4A /* Article.swift */,
				E97D7FD92534E8C8002E6E4A /* Feed.swift */,
				E9C74E2C253B3FDF0003E088 /* ArticleDetails.swift */,
				E97D7FDC2534E8D3002E6E4A /* Category.swift */,
			);
			path = Model;
			sourceTree = "<group>";
		};
		E98551892533718E00059CD4 = {
			isa = PBXGroup;
			children = (
				E98551942533718F00059CD4 /* Newsreader610463 */,
				E98551932533718F00059CD4 /* Products */,
			);
			sourceTree = "<group>";
		};
		E98551932533718F00059CD4 /* Products */ = {
			isa = PBXGroup;
			children = (
				E98551922533718F00059CD4 /* 610463.app */,
			);
			name = Products;
			sourceTree = "<group>";
		};
		E98551942533718F00059CD4 /* Newsreader610463 */ = {
			isa = PBXGroup;
			children = (
				E91EAA2C2544D59400694455 /* Localization */,
				E9C74E58253E1E780003E088 /* View */,
				E9C74E53253E19B90003E088 /* Resource */,
				E97D7FD12534BDA4002E6E4A /* Model */,
				E98551A8253379F500059CD4 /* Api */,
				E98551952533718F00059CD4 /* Newsreader610463App.swift */,
				E98551972533718F00059CD4 /* ContentView.swift */,
				E98551992533719200059CD4 /* Assets.xcassets */,
				E985519E2533719200059CD4 /* Info.plist */,
				E985519B2533719200059CD4 /* Preview Content */,
			);
			path = Newsreader610463;
			sourceTree = "<group>";
		};
		E985519B2533719200059CD4 /* Preview Content */ = {
			isa = PBXGroup;
			children = (
				E985519C2533719200059CD4 /* Preview Assets.xcassets */,
			);
			path = "Preview Content";
			sourceTree = "<group>";
		};
		E98551A8253379F500059CD4 /* Api */ = {
			isa = PBXGroup;
			children = (
				E9C74E4B253E15960003E088 /* UrlImage */,
				E97D7FC82534BC8E002E6E4A /* Responses */,
				E97D7FC72534BC6C002E6E4A /* Requests */,
				E98551A5253379E800059CD4 /* NewsReaderAPI.swift */,
				E9C74E5E253E25300003E088 /* Endpoints.swift */,
			);
			path = Api;
			sourceTree = "<group>";
		};
		E9C74E4B253E15960003E088 /* UrlImage */ = {
			isa = PBXGroup;
			children = (
				E9C74E47253E15350003E088 /* UrlImage.swift */,
				E9C74E4C253E15B60003E088 /* ImageCache.swift */,
			);
			path = UrlImage;
			sourceTree = "<group>";
		};
		E9C74E53253E19B90003E088 /* Resource */ = {
			isa = PBXGroup;
			children = (
				E9C74E54253E1A510003E088 /* defaultNewsIcon.png */,
			);
			path = Resource;
			sourceTree = "<group>";
		};
		E9C74E58253E1E780003E088 /* View */ = {
			isa = PBXGroup;
			children = (
				E91EAA2025448FAD00694455 /* UIElements */,
				E91EAA1F25448F8A00694455 /* ViewModel */,
				E981CA9F2539EFDC004607C6 /* ArticleDetailsView.swift */,
				E9C74E59253E1EAE0003E088 /* ArticlesListView.swift */,
				E95B7F8F25422DA800BF2355 /* FavoritesView.swift */,
				E9C74E35253B5B630003E088 /* AritcleRowView.swift */,
				E9C74E61253E38E90003E088 /* LoginView.swift */,
				E95B7F8C25422C9100BF2355 /* HomepageView.swift */,
				E91EAA222544928800694455 /* RegisterView.swift */,
				E91EAA292544CBDE00694455 /* ProfileView.swift */,
			);
			path = View;
			sourceTree = "<group>";
		};
/* End PBXGroup section */

/* Begin PBXNativeTarget section */
		E98551912533718E00059CD4 /* 610463 */ = {
			isa = PBXNativeTarget;
			buildConfigurationList = E98551A12533719200059CD4 /* Build configuration list for PBXNativeTarget "610463" */;
			buildPhases = (
				E985518E2533718E00059CD4 /* Sources */,
				E985518F2533718E00059CD4 /* Frameworks */,
				E98551902533718E00059CD4 /* Resources */,
			);
			buildRules = (
			);
			dependencies = (
			);
			name = 610463;
			packageProductDependencies = (
				E98551AA25337B0600059CD4 /* KeychainAccess */,
			);
			productName = Newsreader610463;
			productReference = E98551922533718F00059CD4 /* 610463.app */;
			productType = "com.apple.product-type.application";
		};
/* End PBXNativeTarget section */

/* Begin PBXProject section */
		E985518A2533718E00059CD4 /* Project object */ = {
			isa = PBXProject;
			attributes = {
				LastSwiftUpdateCheck = 1200;
				LastUpgradeCheck = 1200;
				TargetAttributes = {
					E98551912533718E00059CD4 = {
						CreatedOnToolsVersion = 12.0.1;
					};
				};
			};
			buildConfigurationList = E985518D2533718E00059CD4 /* Build configuration list for PBXProject "610463" */;
			compatibilityVersion = "Xcode 9.3";
			developmentRegion = en;
			hasScannedForEncodings = 0;
			knownRegions = (
				en,
				Base,
				"es-419",
			);
			mainGroup = E98551892533718E00059CD4;
			packageReferences = (
				E98551A925337B0600059CD4 /* XCRemoteSwiftPackageReference "KeychainAccess" */,
			);
			productRefGroup = E98551932533718F00059CD4 /* Products */;
			projectDirPath = "";
			projectRoot = "";
			targets = (
				E98551912533718E00059CD4 /* 610463 */,
			);
		};
/* End PBXProject section */

/* Begin PBXResourcesBuildPhase section */
		E98551902533718E00059CD4 /* Resources */ = {
			isa = PBXResourcesBuildPhase;
			buildActionMask = 2147483647;
			files = (
				E985519D2533719200059CD4 /* Preview Assets.xcassets in Resources */,
				E91EAA312544D5F000694455 /* Localizable.strings in Resources */,
				E9C74E55253E1A510003E088 /* defaultNewsIcon.png in Resources */,
				E985519A2533719200059CD4 /* Assets.xcassets in Resources */,
			);
			runOnlyForDeploymentPostprocessing = 0;
		};
/* End PBXResourcesBuildPhase section */

/* Begin PBXSourcesBuildPhase section */
		E985518E2533718E00059CD4 /* Sources */ = {
			isa = PBXSourcesBuildPhase;
			buildActionMask = 2147483647;
			files = (
				E98551A6253379E800059CD4 /* NewsReaderAPI.swift in Sources */,
				E98551982533718F00059CD4 /* ContentView.swift in Sources */,
				E91EAA262544964800694455 /* RegisterRequest.swift in Sources */,
				E97D7FD72534E5F6002E6E4A /* Article.swift in Sources */,
				E981CAA02539EFDC004607C6 /* ArticleDetailsView.swift in Sources */,
				E9C74E30253B41640003E088 /* GetArticleDetailsResponse.swift in Sources */,
				E9C74E48253E15350003E088 /* UrlImage.swift in Sources */,
				E97D7FE3253504A3002E6E4A /* RegisterResponse.swift in Sources */,
				E91EAA1D25448DA000694455 /* FavoriteArticlesViewModel.swift in Sources */,
				E91EAA232544928800694455 /* RegisterView.swift in Sources */,
				E9C74E36253B5B630003E088 /* AritcleRowView.swift in Sources */,
				E9C74E62253E38E90003E088 /* LoginView.swift in Sources */,
				E97D7FDA2534E8C8002E6E4A /* Feed.swift in Sources */,
				E98551962533718F00059CD4 /* Newsreader610463App.swift in Sources */,
				E9C74E5F253E25300003E088 /* Endpoints.swift in Sources */,
				E97D7FCC2534BD5A002E6E4A /* LoginRequest.swift in Sources */,
				E97D7FE925350547002E6E4A /* GetFeedsResponse.swift in Sources */,
				E91EAA1325446F7800694455 /* ArticlesViewModel.swift in Sources */,
				E91EAA2A2544CBDE00694455 /* ProfileView.swift in Sources */,
				E91EAA19254486AD00694455 /* BackButtonView.swift in Sources */,
				E9C74E4D253E15B60003E088 /* ImageCache.swift in Sources */,
				E97D7FD32534E52B002E6E4A /* GetArticlesListResponse.swift in Sources */,
				E97D7FDD2534E8D3002E6E4A /* Category.swift in Sources */,
				E9C74E51253E161D0003E088 /* UrlImageView.swift in Sources */,
				E97D7FE6253504F2002E6E4A /* LoginResponse.swift in Sources */,
				E97D7FE02534EE36002E6E4A /* RequestError.swift in Sources */,
				E9D75D9025433453004D8159 /* LikeArticleResponse.swift in Sources */,
				E95B7F9025422DA800BF2355 /* FavoritesView.swift in Sources */,
				E9C74E2D253B3FDF0003E088 /* ArticleDetails.swift in Sources */,
				E91EAA392544E52D00694455 /* UserSettings.swift in Sources */,
				E9C74E5A253E1EAE0003E088 /* ArticlesListView.swift in Sources */,
				E95B7F8D25422C9100BF2355 /* HomepageView.swift in Sources */,
			);
			runOnlyForDeploymentPostprocessing = 0;
		};
/* End PBXSourcesBuildPhase section */

/* Begin PBXVariantGroup section */
		E91EAA332544D5F000694455 /* Localizable.strings */ = {
			isa = PBXVariantGroup;
			children = (
				E91EAA322544D5F000694455 /* en */,
				E91EAA352544D5F500694455 /* es-419 */,
			);
			name = Localizable.strings;
			sourceTree = "<group>";
		};
/* End PBXVariantGroup section */

/* Begin XCBuildConfiguration section */
		E985519F2533719200059CD4 /* Debug */ = {
			isa = XCBuildConfiguration;
			buildSettings = {
				ALWAYS_SEARCH_USER_PATHS = NO;
				CLANG_ANALYZER_NONNULL = YES;
				CLANG_ANALYZER_NUMBER_OBJECT_CONVERSION = YES_AGGRESSIVE;
				CLANG_CXX_LANGUAGE_STANDARD = "gnu++14";
				CLANG_CXX_LIBRARY = "libc++";
				CLANG_ENABLE_MODULES = YES;
				CLANG_ENABLE_OBJC_ARC = YES;
				CLANG_ENABLE_OBJC_WEAK = YES;
				CLANG_WARN_BLOCK_CAPTURE_AUTORELEASING = YES;
				CLANG_WARN_BOOL_CONVERSION = YES;
				CLANG_WARN_COMMA = YES;
				CLANG_WARN_CONSTANT_CONVERSION = YES;
				CLANG_WARN_DEPRECATED_OBJC_IMPLEMENTATIONS = YES;
				CLANG_WARN_DIRECT_OBJC_ISA_USAGE = YES_ERROR;
				CLANG_WARN_DOCUMENTATION_COMMENTS = YES;
				CLANG_WARN_EMPTY_BODY = YES;
				CLANG_WARN_ENUM_CONVERSION = YES;
				CLANG_WARN_INFINITE_RECURSION = YES;
				CLANG_WARN_INT_CONVERSION = YES;
				CLANG_WARN_NON_LITERAL_NULL_CONVERSION = YES;
				CLANG_WARN_OBJC_IMPLICIT_RETAIN_SELF = YES;
				CLANG_WARN_OBJC_LITERAL_CONVERSION = YES;
				CLANG_WARN_OBJC_ROOT_CLASS = YES_ERROR;
				CLANG_WARN_QUOTED_INCLUDE_IN_FRAMEWORK_HEADER = YES;
				CLANG_WARN_RANGE_LOOP_ANALYSIS = YES;
				CLANG_WARN_STRICT_PROTOTYPES = YES;
				CLANG_WARN_SUSPICIOUS_MOVE = YES;
				CLANG_WARN_UNGUARDED_AVAILABILITY = YES_AGGRESSIVE;
				CLANG_WARN_UNREACHABLE_CODE = YES;
				CLANG_WARN__DUPLICATE_METHOD_MATCH = YES;
				COPY_PHASE_STRIP = NO;
				DEBUG_INFORMATION_FORMAT = dwarf;
				ENABLE_STRICT_OBJC_MSGSEND = YES;
				ENABLE_TESTABILITY = YES;
				GCC_C_LANGUAGE_STANDARD = gnu11;
				GCC_DYNAMIC_NO_PIC = NO;
				GCC_NO_COMMON_BLOCKS = YES;
				GCC_OPTIMIZATION_LEVEL = 0;
				GCC_PREPROCESSOR_DEFINITIONS = (
					"DEBUG=1",
					"$(inherited)",
				);
				GCC_WARN_64_TO_32_BIT_CONVERSION = YES;
				GCC_WARN_ABOUT_RETURN_TYPE = YES_ERROR;
				GCC_WARN_UNDECLARED_SELECTOR = YES;
				GCC_WARN_UNINITIALIZED_AUTOS = YES_AGGRESSIVE;
				GCC_WARN_UNUSED_FUNCTION = YES;
				GCC_WARN_UNUSED_VARIABLE = YES;
				IPHONEOS_DEPLOYMENT_TARGET = 14.0;
				MTL_ENABLE_DEBUG_INFO = INCLUDE_SOURCE;
				MTL_FAST_MATH = YES;
				ONLY_ACTIVE_ARCH = YES;
				SDKROOT = iphoneos;
				SWIFT_ACTIVE_COMPILATION_CONDITIONS = DEBUG;
				SWIFT_OPTIMIZATION_LEVEL = "-Onone";
			};
			name = Debug;
		};
		E98551A02533719200059CD4 /* Release */ = {
			isa = XCBuildConfiguration;
			buildSettings = {
				ALWAYS_SEARCH_USER_PATHS = NO;
				CLANG_ANALYZER_NONNULL = YES;
				CLANG_ANALYZER_NUMBER_OBJECT_CONVERSION = YES_AGGRESSIVE;
				CLANG_CXX_LANGUAGE_STANDARD = "gnu++14";
				CLANG_CXX_LIBRARY = "libc++";
				CLANG_ENABLE_MODULES = YES;
				CLANG_ENABLE_OBJC_ARC = YES;
				CLANG_ENABLE_OBJC_WEAK = YES;
				CLANG_WARN_BLOCK_CAPTURE_AUTORELEASING = YES;
				CLANG_WARN_BOOL_CONVERSION = YES;
				CLANG_WARN_COMMA = YES;
				CLANG_WARN_CONSTANT_CONVERSION = YES;
				CLANG_WARN_DEPRECATED_OBJC_IMPLEMENTATIONS = YES;
				CLANG_WARN_DIRECT_OBJC_ISA_USAGE = YES_ERROR;
				CLANG_WARN_DOCUMENTATION_COMMENTS = YES;
				CLANG_WARN_EMPTY_BODY = YES;
				CLANG_WARN_ENUM_CONVERSION = YES;
				CLANG_WARN_INFINITE_RECURSION = YES;
				CLANG_WARN_INT_CONVERSION = YES;
				CLANG_WARN_NON_LITERAL_NULL_CONVERSION = YES;
				CLANG_WARN_OBJC_IMPLICIT_RETAIN_SELF = YES;
				CLANG_WARN_OBJC_LITERAL_CONVERSION = YES;
				CLANG_WARN_OBJC_ROOT_CLASS = YES_ERROR;
				CLANG_WARN_QUOTED_INCLUDE_IN_FRAMEWORK_HEADER = YES;
				CLANG_WARN_RANGE_LOOP_ANALYSIS = YES;
				CLANG_WARN_STRICT_PROTOTYPES = YES;
				CLANG_WARN_SUSPICIOUS_MOVE = YES;
				CLANG_WARN_UNGUARDED_AVAILABILITY = YES_AGGRESSIVE;
				CLANG_WARN_UNREACHABLE_CODE = YES;
				CLANG_WARN__DUPLICATE_METHOD_MATCH = YES;
				COPY_PHASE_STRIP = NO;
				DEBUG_INFORMATION_FORMAT = "dwarf-with-dsym";
				ENABLE_NS_ASSERTIONS = NO;
				ENABLE_STRICT_OBJC_MSGSEND = YES;
				GCC_C_LANGUAGE_STANDARD = gnu11;
				GCC_NO_COMMON_BLOCKS = YES;
				GCC_WARN_64_TO_32_BIT_CONVERSION = YES;
				GCC_WARN_ABOUT_RETURN_TYPE = YES_ERROR;
				GCC_WARN_UNDECLARED_SELECTOR = YES;
				GCC_WARN_UNINITIALIZED_AUTOS = YES_AGGRESSIVE;
				GCC_WARN_UNUSED_FUNCTION = YES;
				GCC_WARN_UNUSED_VARIABLE = YES;
				IPHONEOS_DEPLOYMENT_TARGET = 14.0;
				MTL_ENABLE_DEBUG_INFO = NO;
				MTL_FAST_MATH = YES;
				SDKROOT = iphoneos;
				SWIFT_COMPILATION_MODE = wholemodule;
				SWIFT_OPTIMIZATION_LEVEL = "-O";
				VALIDATE_PRODUCT = YES;
			};
			name = Release;
		};
		E98551A22533719200059CD4 /* Debug */ = {
			isa = XCBuildConfiguration;
			buildSettings = {
				ASSETCATALOG_COMPILER_APPICON_NAME = AppIcon;
				ASSETCATALOG_COMPILER_GLOBAL_ACCENT_COLOR_NAME = AccentColor;
				CODE_SIGN_IDENTITY = "Apple Development";
				CODE_SIGN_STYLE = Automatic;
				DEVELOPMENT_ASSET_PATHS = "\"Newsreader610463/Preview Content\"";
				DEVELOPMENT_TEAM = G346F25N5X;
				ENABLE_PREVIEWS = YES;
				INFOPLIST_FILE = Newsreader610463/Info.plist;
				IPHONEOS_DEPLOYMENT_TARGET = 14.0;
				LD_RUNPATH_SEARCH_PATHS = (
					"$(inherited)",
					"@executable_path/Frameworks",
				);
				PRODUCT_BUNDLE_IDENTIFIER = nl.henry.bueno.Newsreader610463;
				PRODUCT_NAME = "$(TARGET_NAME)";
				PROVISIONING_PROFILE_SPECIFIER = "";
				SWIFT_VERSION = 5.0;
				TARGETED_DEVICE_FAMILY = "1,2";
			};
			name = Debug;
		};
		E98551A32533719200059CD4 /* Release */ = {
			isa = XCBuildConfiguration;
			buildSettings = {
				ASSETCATALOG_COMPILER_APPICON_NAME = AppIcon;
				ASSETCATALOG_COMPILER_GLOBAL_ACCENT_COLOR_NAME = AccentColor;
				CODE_SIGN_IDENTITY = "Apple Development";
				CODE_SIGN_STYLE = Automatic;
				DEVELOPMENT_ASSET_PATHS = "\"Newsreader610463/Preview Content\"";
				DEVELOPMENT_TEAM = G346F25N5X;
				ENABLE_PREVIEWS = YES;
				INFOPLIST_FILE = Newsreader610463/Info.plist;
				IPHONEOS_DEPLOYMENT_TARGET = 14.0;
				LD_RUNPATH_SEARCH_PATHS = (
					"$(inherited)",
					"@executable_path/Frameworks",
				);
				PRODUCT_BUNDLE_IDENTIFIER = nl.henry.bueno.Newsreader610463;
				PRODUCT_NAME = "$(TARGET_NAME)";
				PROVISIONING_PROFILE_SPECIFIER = "";
				SWIFT_VERSION = 5.0;
				TARGETED_DEVICE_FAMILY = "1,2";
			};
			name = Release;
		};
/* End XCBuildConfiguration section */

/* Begin XCConfigurationList section */
		E985518D2533718E00059CD4 /* Build configuration list for PBXProject "610463" */ = {
			isa = XCConfigurationList;
			buildConfigurations = (
				E985519F2533719200059CD4 /* Debug */,
				E98551A02533719200059CD4 /* Release */,
			);
			defaultConfigurationIsVisible = 0;
			defaultConfigurationName = Release;
		};
		E98551A12533719200059CD4 /* Build configuration list for PBXNativeTarget "610463" */ = {
			isa = XCConfigurationList;
			buildConfigurations = (
				E98551A22533719200059CD4 /* Debug */,
				E98551A32533719200059CD4 /* Release */,
			);
			defaultConfigurationIsVisible = 0;
			defaultConfigurationName = Release;
		};
/* End XCConfigurationList section */

/* Begin XCRemoteSwiftPackageReference section */
		E98551A925337B0600059CD4 /* XCRemoteSwiftPackageReference "KeychainAccess" */ = {
			isa = XCRemoteSwiftPackageReference;
			repositoryURL = "https://github.com/kishikawakatsumi/KeychainAccess";
			requirement = {
				kind = upToNextMajorVersion;
				minimumVersion = 4.2.1;
			};
		};
/* End XCRemoteSwiftPackageReference section */

/* Begin XCSwiftPackageProductDependency section */
		E98551AA25337B0600059CD4 /* KeychainAccess */ = {
			isa = XCSwiftPackageProductDependency;
			package = E98551A925337B0600059CD4 /* XCRemoteSwiftPackageReference "KeychainAccess" */;
			productName = KeychainAccess;
		};
/* End XCSwiftPackageProductDependency section */
	};
	rootObject = E985518A2533718E00059CD4 /* Project object */;
}
